// !$*UTF8*$!
{
	archiveVersion = 1;
	classes = {
	};
	objectVersion = 55;
	objects = {

/* Begin PBXBuildFile section */
		8B7B989829ABCFF8004FD962 /* QuizzieTimeApp.swift in Sources */ = {isa = PBXBuildFile; fileRef = 8B7B989729ABCFF8004FD962 /* QuizzieTimeApp.swift */; };
		8B7B989A29ABCFF8004FD962 /* ContentView.swift in Sources */ = {isa = PBXBuildFile; fileRef = 8B7B989929ABCFF8004FD962 /* ContentView.swift */; };
		8B7B989C29ABCFFC004FD962 /* Assets.xcassets in Resources */ = {isa = PBXBuildFile; fileRef = 8B7B989B29ABCFFC004FD962 /* Assets.xcassets */; };
		8B7B989F29ABCFFC004FD962 /* Preview Assets.xcassets in Resources */ = {isa = PBXBuildFile; fileRef = 8B7B989E29ABCFFC004FD962 /* Preview Assets.xcassets */; };
		8B7B98A629ABD378004FD962 /* NavigationMain.swift in Sources */ = {isa = PBXBuildFile; fileRef = 8B7B98A529ABD378004FD962 /* NavigationMain.swift */; };
		8B7B98A829ABDAE4004FD962 /* CitateGameScene.swift in Sources */ = {isa = PBXBuildFile; fileRef = 8B7B98A729ABDAE4004FD962 /* CitateGameScene.swift */; };
		8B7B98AA29ABDE96004FD962 /* CitateGameHome.swift in Sources */ = {isa = PBXBuildFile; fileRef = 8B7B98A929ABDE96004FD962 /* CitateGameHome.swift */; };
		8B7B98AC29ABE063004FD962 /* FinalScoreCitate.swift in Sources */ = {isa = PBXBuildFile; fileRef = 8B7B98AB29ABE063004FD962 /* FinalScoreCitate.swift */; };
		8B7B98AE29ABE18B004FD962 /* citateModel.swift in Sources */ = {isa = PBXBuildFile; fileRef = 8B7B98AD29ABE18B004FD962 /* citateModel.swift */; };
		8B7B98B029AF9E68004FD962 /* IstoriyaGameHome.swift in Sources */ = {isa = PBXBuildFile; fileRef = 8B7B98AF29AF9E67004FD962 /* IstoriyaGameHome.swift */; };
		8B7B98B229AF9E7C004FD962 /* IstoriyaGameScene.swift in Sources */ = {isa = PBXBuildFile; fileRef = 8B7B98B129AF9E7C004FD962 /* IstoriyaGameScene.swift */; };
		8B7B98B429AF9E9A004FD962 /* FinalScoreIstoriya.swift in Sources */ = {isa = PBXBuildFile; fileRef = 8B7B98B329AF9E9A004FD962 /* FinalScoreIstoriya.swift */; };
		8B7B98B629AF9EB8004FD962 /* IstoriyaModel.swift in Sources */ = {isa = PBXBuildFile; fileRef = 8B7B98B529AF9EB8004FD962 /* IstoriyaModel.swift */; };
/* End PBXBuildFile section */

/* Begin PBXFileReference section */
		8B7B989429ABCFF8004FD962 /* QuizzieTime.app */ = {isa = PBXFileReference; explicitFileType = wrapper.application; includeInIndex = 0; path = QuizzieTime.app; sourceTree = BUILT_PRODUCTS_DIR; };
		8B7B989729ABCFF8004FD962 /* QuizzieTimeApp.swift */ = {isa = PBXFileReference; lastKnownFileType = sourcecode.swift; path = QuizzieTimeApp.swift; sourceTree = "<group>"; };
		8B7B989929ABCFF8004FD962 /* ContentView.swift */ = {isa = PBXFileReference; lastKnownFileType = sourcecode.swift; path = ContentView.swift; sourceTree = "<group>"; };
		8B7B989B29ABCFFC004FD962 /* Assets.xcassets */ = {isa = PBXFileReference; lastKnownFileType = folder.assetcatalog; path = Assets.xcassets; sourceTree = "<group>"; };
		8B7B989E29ABCFFC004FD962 /* Preview Assets.xcassets */ = {isa = PBXFileReference; lastKnownFileType = folder.assetcatalog; path = "Preview Assets.xcassets"; sourceTree = "<group>"; };
		8B7B98A529ABD378004FD962 /* NavigationMain.swift */ = {isa = PBXFileReference; lastKnownFileType = sourcecode.swift; path = NavigationMain.swift; sourceTree = "<group>"; };
		8B7B98A729ABDAE4004FD962 /* CitateGameScene.swift */ = {isa = PBXFileReference; lastKnownFileType = sourcecode.swift; path = CitateGameScene.swift; sourceTree = "<group>"; };
		8B7B98A929ABDE96004FD962 /* CitateGameHome.swift */ = {isa = PBXFileReference; lastKnownFileType = sourcecode.swift; path = CitateGameHome.swift; sourceTree = "<group>"; };
		8B7B98AB29ABE063004FD962 /* FinalScoreCitate.swift */ = {isa = PBXFileReference; lastKnownFileType = sourcecode.swift; path = FinalScoreCitate.swift; sourceTree = "<group>"; };
		8B7B98AD29ABE18B004FD962 /* citateModel.swift */ = {isa = PBXFileReference; lastKnownFileType = sourcecode.swift; path = citateModel.swift; sourceTree = "<group>"; };
		8B7B98AF29AF9E67004FD962 /* IstoriyaGameHome.swift */ = {isa = PBXFileReference; lastKnownFileType = sourcecode.swift; path = IstoriyaGameHome.swift; sourceTree = "<group>"; };
		8B7B98B129AF9E7C004FD962 /* IstoriyaGameScene.swift */ = {isa = PBXFileReference; lastKnownFileType = sourcecode.swift; path = IstoriyaGameScene.swift; sourceTree = "<group>"; };
		8B7B98B329AF9E9A004FD962 /* FinalScoreIstoriya.swift */ = {isa = PBXFileReference; lastKnownFileType = sourcecode.swift; path = FinalScoreIstoriya.swift; sourceTree = "<group>"; };
		8B7B98B529AF9EB8004FD962 /* IstoriyaModel.swift */ = {isa = PBXFileReference; lastKnownFileType = sourcecode.swift; path = IstoriyaModel.swift; sourceTree = "<group>"; };
/* End PBXFileReference section */

/* Begin PBXFrameworksBuildPhase section */
		8B7B989129ABCFF8004FD962 /* Frameworks */ = {
			isa = PBXFrameworksBuildPhase;
			buildActionMask = 2147483647;
			files = (
			);
			runOnlyForDeploymentPostprocessing = 0;
		};
/* End PBXFrameworksBuildPhase section */

/* Begin PBXGroup section */
		8B7B988B29ABCFF8004FD962 = {
			isa = PBXGroup;
			children = (
				8B7B989629ABCFF8004FD962 /* QuizzieTime */,
				8B7B989529ABCFF8004FD962 /* Products */,
			);
			sourceTree = "<group>";
		};
		8B7B989529ABCFF8004FD962 /* Products */ = {
			isa = PBXGroup;
			children = (
				8B7B989429ABCFF8004FD962 /* QuizzieTime.app */,
			);
			name = Products;
			sourceTree = "<group>";
		};
		8B7B989629ABCFF8004FD962 /* QuizzieTime */ = {
			isa = PBXGroup;
			children = (
				8B7B989729ABCFF8004FD962 /* QuizzieTimeApp.swift */,
				8B7B989929ABCFF8004FD962 /* ContentView.swift */,
				8B7B98A529ABD378004FD962 /* NavigationMain.swift */,
				8B7B98AF29AF9E67004FD962 /* IstoriyaGameHome.swift */,
				8B7B98B129AF9E7C004FD962 /* IstoriyaGameScene.swift */,
				8B7B98A729ABDAE4004FD962 /* CitateGameScene.swift */,
				8B7B98A929ABDE96004FD962 /* CitateGameHome.swift */,
				8B7B98AB29ABE063004FD962 /* FinalScoreCitate.swift */,
				8B7B98B329AF9E9A004FD962 /* FinalScoreIstoriya.swift */,
				8B7B98AD29ABE18B004FD962 /* citateModel.swift */,
				8B7B98B529AF9EB8004FD962 /* IstoriyaModel.swift */,
				8B7B989B29ABCFFC004FD962 /* Assets.xcassets */,
				8B7B989D29ABCFFC004FD962 /* Preview Content */,
			);
			path = QuizzieTime;
			sourceTree = "<group>";
		};
		8B7B989D29ABCFFC004FD962 /* Preview Content */ = {
			isa = PBXGroup;
			children = (
				8B7B989E29ABCFFC004FD962 /* Preview Assets.xcassets */,
			);
			path = "Preview Content";
			sourceTree = "<group>";
		};
/* End PBXGroup section */

/* Begin PBXNativeTarget section */
		8B7B989329ABCFF8004FD962 /* QuizzieTime */ = {
			isa = PBXNativeTarget;
			buildConfigurationList = 8B7B98A229ABCFFC004FD962 /* Build configuration list for PBXNativeTarget "QuizzieTime" */;
			buildPhases = (
				8B7B989029ABCFF8004FD962 /* Sources */,
				8B7B989129ABCFF8004FD962 /* Frameworks */,
				8B7B989229ABCFF8004FD962 /* Resources */,
			);
			buildRules = (
			);
			dependencies = (
			);
			name = QuizzieTime;
			productName = QuizzieTime;
			productReference = 8B7B989429ABCFF8004FD962 /* QuizzieTime.app */;
			productType = "com.apple.product-type.application";
		};
/* End PBXNativeTarget section */

/* Begin PBXProject section */
		8B7B988C29ABCFF8004FD962 /* Project object */ = {
			isa = PBXProject;
			attributes = {
				BuildIndependentTargetsInParallel = 1;
				LastSwiftUpdateCheck = 1320;
				LastUpgradeCheck = 1320;
				TargetAttributes = {
					8B7B989329ABCFF8004FD962 = {
						CreatedOnToolsVersion = 13.2.1;
					};
				};
			};
			buildConfigurationList = 8B7B988F29ABCFF8004FD962 /* Build configuration list for PBXProject "QuizzieTime" */;
			compatibilityVersion = "Xcode 13.0";
			developmentRegion = en;
			hasScannedForEncodings = 0;
			knownRegions = (
				en,
				Base,
			);
			mainGroup = 8B7B988B29ABCFF8004FD962;
			productRefGroup = 8B7B989529ABCFF8004FD962 /* Products */;
			projectDirPath = "";
			projectRoot = "";
			targets = (
				8B7B989329ABCFF8004FD962 /* QuizzieTime */,
			);
		};
/* End PBXProject section */

/* Begin PBXResourcesBuildPhase section */
		8B7B989229ABCFF8004FD962 /* Resources */ = {
			isa = PBXResourcesBuildPhase;
			buildActionMask = 2147483647;
			files = (
				8B7B989F29ABCFFC004FD962 /* Preview Assets.xcassets in Resources */,
				8B7B989C29ABCFFC004FD962 /* Assets.xcassets in Resources */,
			);
			runOnlyForDeploymentPostprocessing = 0;
		};
/* End PBXResourcesBuildPhase section */

/* Begin PBXSourcesBuildPhase section */
		8B7B989029ABCFF8004FD962 /* Sources */ = {
			isa = PBXSourcesBuildPhase;
			buildActionMask = 2147483647;
			files = (
				8B7B98B029AF9E68004FD962 /* IstoriyaGameHome.swift in Sources */,
				8B7B98A629ABD378004FD962 /* NavigationMain.swift in Sources */,
				8B7B98B229AF9E7C004FD962 /* IstoriyaGameScene.swift in Sources */,
				8B7B98AE29ABE18B004FD962 /* citateModel.swift in Sources */,
				8B7B98AC29ABE063004FD962 /* FinalScoreCitate.swift in Sources */,
				8B7B98B629AF9EB8004FD962 /* IstoriyaModel.swift in Sources */,
				8B7B989A29ABCFF8004FD962 /* ContentView.swift in Sources */,
				8B7B98A829ABDAE4004FD962 /* CitateGameScene.swift in Sources */,
				8B7B989829ABCFF8004FD962 /* QuizzieTimeApp.swift in Sources */,
				8B7B98AA29ABDE96004FD962 /* CitateGameHome.swift in Sources */,
				8B7B98B429AF9E9A004FD962 /* FinalScoreIstoriya.swift in Sources */,
			);
			runOnlyForDeploymentPostprocessing = 0;
		};
/* End PBXSourcesBuildPhase section */

/* Begin XCBuildConfiguration section */
		8B7B98A029ABCFFC004FD962 /* Debug */ = {
			isa = XCBuildConfiguration;
			buildSettings = {
				ALWAYS_SEARCH_USER_PATHS = NO;
				CLANG_ANALYZER_NONNULL = YES;
				CLANG_ANALYZER_NUMBER_OBJECT_CONVERSION = YES_AGGRESSIVE;
				CLANG_CXX_LANGUAGE_STANDARD = "gnu++17";
				CLANG_CXX_LIBRARY = "libc++";
				CLANG_ENABLE_MODULES = YES;
				CLANG_ENABLE_OBJC_ARC = YES;
				CLANG_ENABLE_OBJC_WEAK = YES;
				CLANG_WARN_BLOCK_CAPTURE_AUTORELEASING = YES;
				CLANG_WARN_BOOL_CONVERSION = YES;
				CLANG_WARN_COMMA = YES;
				CLANG_WARN_CONSTANT_CONVERSION = YES;
				CLANG_WARN_DEPRECATED_OBJC_IMPLEMENTATIONS = YES;
				CLANG_WARN_DIRECT_OBJC_ISA_USAGE = YES_ERROR;
				CLANG_WARN_DOCUMENTATION_COMMENTS = YES;
				CLANG_WARN_EMPTY_BODY = YES;
				CLANG_WARN_ENUM_CONVERSION = YES;
				CLANG_WARN_INFINITE_RECURSION = YES;
				CLANG_WARN_INT_CONVERSION = YES;
				CLANG_WARN_NON_LITERAL_NULL_CONVERSION = YES;
				CLANG_WARN_OBJC_IMPLICIT_RETAIN_SELF = YES;
				CLANG_WARN_OBJC_LITERAL_CONVERSION = YES;
				CLANG_WARN_OBJC_ROOT_CLASS = YES_ERROR;
				CLANG_WARN_QUOTED_INCLUDE_IN_FRAMEWORK_HEADER = YES;
				CLANG_WARN_RANGE_LOOP_ANALYSIS = YES;
				CLANG_WARN_STRICT_PROTOTYPES = YES;
				CLANG_WARN_SUSPICIOUS_MOVE = YES;
				CLANG_WARN_UNGUARDED_AVAILABILITY = YES_AGGRESSIVE;
				CLANG_WARN_UNREACHABLE_CODE = YES;
				CLANG_WARN__DUPLICATE_METHOD_MATCH = YES;
				COPY_PHASE_STRIP = NO;
				DEBUG_INFORMATION_FORMAT = dwarf;
				ENABLE_STRICT_OBJC_MSGSEND = YES;
				ENABLE_TESTABILITY = YES;
				GCC_C_LANGUAGE_STANDARD = gnu11;
				GCC_DYNAMIC_NO_PIC = NO;
				GCC_NO_COMMON_BLOCKS = YES;
				GCC_OPTIMIZATION_LEVEL = 0;
				GCC_PREPROCESSOR_DEFINITIONS = (
					"DEBUG=1",
					"$(inherited)",
				);
				GCC_WARN_64_TO_32_BIT_CONVERSION = YES;
				GCC_WARN_ABOUT_RETURN_TYPE = YES_ERROR;
				GCC_WARN_UNDECLARED_SELECTOR = YES;
				GCC_WARN_UNINITIALIZED_AUTOS = YES_AGGRESSIVE;
				GCC_WARN_UNUSED_FUNCTION = YES;
				GCC_WARN_UNUSED_VARIABLE = YES;
				IPHONEOS_DEPLOYMENT_TARGET = 15.2;
				MTL_ENABLE_DEBUG_INFO = INCLUDE_SOURCE;
				MTL_FAST_MATH = YES;
				ONLY_ACTIVE_ARCH = YES;
				SDKROOT = iphoneos;
				SWIFT_ACTIVE_COMPILATION_CONDITIONS = DEBUG;
				SWIFT_OPTIMIZATION_LEVEL = "-Onone";
			};
			name = Debug;
		};
		8B7B98A129ABCFFC004FD962 /* Release */ = {
			isa = XCBuildConfiguration;
			buildSettings = {
				ALWAYS_SEARCH_USER_PATHS = NO;
				CLANG_ANALYZER_NONNULL = YES;
				CLANG_ANALYZER_NUMBER_OBJECT_CONVERSION = YES_AGGRESSIVE;
				CLANG_CXX_LANGUAGE_STANDARD = "gnu++17";
				CLANG_CXX_LIBRARY = "libc++";
				CLANG_ENABLE_MODULES = YES;
				CLANG_ENABLE_OBJC_ARC = YES;
				CLANG_ENABLE_OBJC_WEAK = YES;
				CLANG_WARN_BLOCK_CAPTURE_AUTORELEASING = YES;
				CLANG_WARN_BOOL_CONVERSION = YES;
				CLANG_WARN_COMMA = YES;
				CLANG_WARN_CONSTANT_CONVERSION = YES;
				CLANG_WARN_DEPRECATED_OBJC_IMPLEMENTATIONS = YES;
				CLANG_WARN_DIRECT_OBJC_ISA_USAGE = YES_ERROR;
				CLANG_WARN_DOCUMENTATION_COMMENTS = YES;
				CLANG_WARN_EMPTY_BODY = YES;
				CLANG_WARN_ENUM_CONVERSION = YES;
				CLANG_WARN_INFINITE_RECURSION = YES;
				CLANG_WARN_INT_CONVERSION = YES;
				CLANG_WARN_NON_LITERAL_NULL_CONVERSION = YES;
				CLANG_WARN_OBJC_IMPLICIT_RETAIN_SELF = YES;
				CLANG_WARN_OBJC_LITERAL_CONVERSION = YES;
				CLANG_WARN_OBJC_ROOT_CLASS = YES_ERROR;
				CLANG_WARN_QUOTED_INCLUDE_IN_FRAMEWORK_HEADER = YES;
				CLANG_WARN_RANGE_LOOP_ANALYSIS = YES;
				CLANG_WARN_STRICT_PROTOTYPES = YES;
				CLANG_WARN_SUSPICIOUS_MOVE = YES;
				CLANG_WARN_UNGUARDED_AVAILABILITY = YES_AGGRESSIVE;
				CLANG_WARN_UNREACHABLE_CODE = YES;
				CLANG_WARN__DUPLICATE_METHOD_MATCH = YES;
				COPY_PHASE_STRIP = NO;
				DEBUG_INFORMATION_FORMAT = "dwarf-with-dsym";
				ENABLE_NS_ASSERTIONS = NO;
				ENABLE_STRICT_OBJC_MSGSEND = YES;
				GCC_C_LANGUAGE_STANDARD = gnu11;
				GCC_NO_COMMON_BLOCKS = YES;
				GCC_WARN_64_TO_32_BIT_CONVERSION = YES;
				GCC_WARN_ABOUT_RETURN_TYPE = YES_ERROR;
				GCC_WARN_UNDECLARED_SELECTOR = YES;
				GCC_WARN_UNINITIALIZED_AUTOS = YES_AGGRESSIVE;
				GCC_WARN_UNUSED_FUNCTION = YES;
				GCC_WARN_UNUSED_VARIABLE = YES;
				IPHONEOS_DEPLOYMENT_TARGET = 15.2;
				MTL_ENABLE_DEBUG_INFO = NO;
				MTL_FAST_MATH = YES;
				SDKROOT = iphoneos;
				SWIFT_COMPILATION_MODE = wholemodule;
				SWIFT_OPTIMIZATION_LEVEL = "-O";
				VALIDATE_PRODUCT = YES;
			};
			name = Release;
		};
		8B7B98A329ABCFFC004FD962 /* Debug */ = {
			isa = XCBuildConfiguration;
			buildSettings = {
				ASSETCATALOG_COMPILER_APPICON_NAME = AppIcon;
				ASSETCATALOG_COMPILER_GLOBAL_ACCENT_COLOR_NAME = AccentColor;
				CODE_SIGN_STYLE = Automatic;
				CURRENT_PROJECT_VERSION = 1;
				DEVELOPMENT_ASSET_PATHS = "\"QuizzieTime/Preview Content\"";
				DEVELOPMENT_TEAM = Z7K69M5DFS;
				ENABLE_PREVIEWS = YES;
				GENERATE_INFOPLIST_FILE = YES;
				INFOPLIST_KEY_UIApplicationSceneManifest_Generation = YES;
				INFOPLIST_KEY_UIApplicationSupportsIndirectInputEvents = YES;
				INFOPLIST_KEY_UILaunchScreen_Generation = YES;
				INFOPLIST_KEY_UISupportedInterfaceOrientations = UIInterfaceOrientationPortrait;
				INFOPLIST_KEY_UISupportedInterfaceOrientations_iPad = "UIInterfaceOrientationPortrait UIInterfaceOrientationPortraitUpsideDown UIInterfaceOrientationLandscapeLeft UIInterfaceOrientationLandscapeRight";
				INFOPLIST_KEY_UISupportedInterfaceOrientations_iPhone = UIInterfaceOrientationPortrait;
				IPHONEOS_DEPLOYMENT_TARGET = 15.1;
				LD_RUNPATH_SEARCH_PATHS = (
					"$(inherited)",
					"@executable_path/Frameworks",
				);
				MARKETING_VERSION = 1.0.3;
				PRODUCT_BUNDLE_IDENTIFIER = "Andrei-Dokuchaev.QuizzieTime";
				PRODUCT_NAME = "$(TARGET_NAME)";
				SWIFT_EMIT_LOC_STRINGS = YES;
				SWIFT_VERSION = 5.0;
				TARGETED_DEVICE_FAMILY = "1,2";
			};
			name = Debug;
		};
		8B7B98A429ABCFFC004FD962 /* Release */ = {
			isa = XCBuildConfiguration;
			buildSettings = {
				ASSETCATALOG_COMPILER_APPICON_NAME = AppIcon;
				ASSETCATALOG_COMPILER_GLOBAL_ACCENT_COLOR_NAME = AccentColor;
				CODE_SIGN_STYLE = Automatic;
				CURRENT_PROJECT_VERSION = 1;
				DEVELOPMENT_ASSET_PATHS = "\"QuizzieTime/Preview Content\"";
				DEVELOPMENT_TEAM = Z7K69M5DFS;
				ENABLE_PREVIEWS = YES;
				GENERATE_INFOPLIST_FILE = YES;
				INFOPLIST_KEY_UIApplicationSceneManifest_Generation = YES;
				INFOPLIST_KEY_UIApplicationSupportsIndirectInputEvents = YES;
				INFOPLIST_KEY_UILaunchScreen_Generation = YES;
				INFOPLIST_KEY_UISupportedInterfaceOrientations = UIInterfaceOrientationPortrait;
				INFOPLIST_KEY_UISupportedInterfaceOrientations_iPad = "UIInterfaceOrientationPortrait UIInterfaceOrientationPortraitUpsideDown UIInterfaceOrientationLandscapeLeft UIInterfaceOrientationLandscapeRight";
				INFOPLIST_KEY_UISupportedInterfaceOrientations_iPhone = UIInterfaceOrientationPortrait;
				IPHONEOS_DEPLOYMENT_TARGET = 15.1;
				LD_RUNPATH_SEARCH_PATHS = (
					"$(inherited)",
					"@executable_path/Frameworks",
				);
				MARKETING_VERSION = 1.0.3;
				PRODUCT_BUNDLE_IDENTIFIER = "Andrei-Dokuchaev.QuizzieTime";
				PRODUCT_NAME = "$(TARGET_NAME)";
				SWIFT_EMIT_LOC_STRINGS = YES;
				SWIFT_VERSION = 5.0;
				TARGETED_DEVICE_FAMILY = "1,2";
			};
			name = Release;
		};
/* End XCBuildConfiguration section */

/* Begin XCConfigurationList section */
		8B7B988F29ABCFF8004FD962 /* Build configuration list for PBXProject "QuizzieTime" */ = {
			isa = XCConfigurationList;
			buildConfigurations = (
				8B7B98A029ABCFFC004FD962 /* Debug */,
				8B7B98A129ABCFFC004FD962 /* Release */,
			);
			defaultConfigurationIsVisible = 0;
			defaultConfigurationName = Release;
		};
		8B7B98A229ABCFFC004FD962 /* Build configuration list for PBXNativeTarget "QuizzieTime" */ = {
			isa = XCConfigurationList;
			buildConfigurations = (
				8B7B98A329ABCFFC004FD962 /* Debug */,
				8B7B98A429ABCFFC004FD962 /* Release */,
			);
			defaultConfigurationIsVisible = 0;
			defaultConfigurationName = Release;
		};
/* End XCConfigurationList section */
	};
	rootObject = 8B7B988C29ABCFF8004FD962 /* Project object */;
}
